github.com/RoaringBitmap/roaring/v2 v2.24.0 h1:zQkkBZtG3WRP4j+P3A5DO221SvL1Br88TJkhyqEQRZo=
github.com/RoaringBitmap/roaring/v2 v2.24.0/go.mod h1:SfT3of9nYh3vis1dIbCj4Yw6KQGujTN+f345nrN/0JA=
github.com/bits-and-blooms/bitset v1.24.6 h1:qcrftZUVBIwfs+m+nhoCBAPT+ZPZZjti8SbHbDQQkZ4=
github.com/bits-and-blooms/bitset v1.24.6/go.mod h1:7hO7Gc7Pp1vODcmWvKMRA9BNmbv6a/7QIWpPxHddWR8=
github.com/dal-go/dalgo v0.64.2 h1:uWCRISCMTpuwjq+VKlymq3kBtdr0c09gcsr75zmeqrw=
github.com/dal-go/dalgo v0.64.2/go.mod h1:PZGzE0AqnaJgPEDTSo7ayfKZaoglhFQ9FxHecF3aQAc=
github.com/dal-go/record v0.1.1 h1:N2WVDBnm2tOb83h5DJqFyINB5kH0vLjKlYFAgCJWv2g=
github.com/dal-go/record v0.1.1/go.mod h1:quwsVJTT0f6y3Mhx+yHpTobY7luX1M6kyO6fdJ/AFYE=
github.com/davecgh/go-spew v1.1.1 h1:vj9j/u1bqnvCEfJOwUhtlOARqs3+rkHYY13jYWTU97c=
github.com/davecgh/go-spew v1.1.1/go.mod h1:J7Y8YcW2NihsgmVo/mv3lAwl/skON4iLHjSsI+c5H38=
github.com/gofrs/flock v0.13.0 h1:95JolYOvGMqeH31+FC7D2+uULf6mG61mEZ/A8dRYMzw=
github.com/gofrs/flock v0.13.0/go.mod h1:jxeyy9R1auM5S6JYDBhDt+E2TCo7DkratH4Pgi8P+Z0=
github.com/google/go-cmp v0.7.0 h1:wk8382ETsv4JYUZwIsn6YpYiWiBsYLSJiTsyBybVuN8=
github.com/google/go-cmp v0.7.0/go.mod h1:pXiqmnSA92OHEEa9HXL2W4E7lf9JzCmGVUdgjX3N/iU=
github.com/ingitdb/dalgo2ingitdb v0.2.4 h1:tAt3bduXnDOIA4Q2jXU9tJ1NTXK8gp/WJ7frU2F1UPw=
github.com/ingitdb/dalgo2ingitdb v0.2.4/go.mod h1:YMVSt4bDlPx2aU8TcdGyTDFqSERqgr4yoUg+iP20ibA=
github.com/ingitdb/ingitdb-go/ingitdb v0.5.2 h1:ukWmulKRz22SW3iO0xReAqv13WI0x1aGENdd9PqwY/g=
github.com/ingitdb/ingitdb-go/ingitdb v0.5.2/go.mod h1:790hFdzCQlomKtLS/gdrLHplqW4z6FBKX17zI3hPAG4=
github.com/ingr-io/ingr-go v0.0.2 h1:2AfFllqzCe2dCNtxIUo306oYzaZr//YzrVOHd0C73nI=
github.com/ingr-io/ingr-go v0.0.2/go.mod h1:gb/dGW0qXziCq9iAIgk0yITyWY013w2bhdYiXO0RLuY=
github.com/kr/pretty v0.3.1 h1:flRD4NNwYAUpkphVc1HcthR4KEIFJ65n8Mw5qdRn3LE=
github.com/kr/pretty v0.3.1/go.mod h1:hoEshYVHaxMs3cyo3Yncou5ZscifuDolrwPKZanG3xk=
github.com/kr/text v0.2.0 h1:5Nx0Ya0ZqY2ygV366QzturHI13Jq95ApcVaJBhpS+AY=
github.com/kr/text v0.2.0/go.mod h1:eLer722TekiGuMkidMxC/pM04lWEeraHUUmBw8l2grE=
github.com/mschoch/smat v0.2.0 h1:8imxQsjDm8yFEAVBe7azKmKSgzSkZXDuKkSq9374khM=
github.com/mschoch/smat v0.2.0/go.mod h1:kc9mz7DoBKqDyiRL7VZN8KvXQMWeTaVnttLRXOlotKw=
github.com/pelletier/go-toml/v2 v2.4.3 h1:GTRvJQutkOSftxIFD5xw9aepkYNuPWmVJpffdDPYVpY=
github.com/pelletier/go-toml/v2 v2.4.3/go.mod h1:2gIqNv+qfxSVS7cM2xJQKtLSTLUE9V8t9Stt+h56mCY=
github.com/pmezard/go-difflib v1.0.0 h1:4DBwDE0NGyQoBHbLQYPwSUPoCMWR5BEzIk/f1lZbAQM=
github.com/pmezard/go-difflib v1.0.0/go.mod h1:iKH77koFhYxTK1pcRnkKkqfTogsbg7gZNVY4sRDYZ/4=
github.com/rogpeppe/go-internal v1.15.0 h1:D0RCU5rMAp+SpgkiNdrjfJ+LX4J1M32V2NeCY7EJ6hc=
github.com/rogpeppe/go-internal v1.15.0/go.mod h1:DrUVZyrJU+txYW5/1kwtXQSMFio52ZOxX7yM1VHvnxs=
github.com/stretchr/testify v1.11.1 h1:7s2iGBzp5EwR7/aIZr8ao5+dra3wiQyKjjFuvgVKu7U=
github.com/stretchr/testify v1.11.1/go.mod h1:wZwfW3scLgRK+23gO65QZefKpKQRnfz6sD981Nm4B6U=
github.com/strongo/random v0.0.1 h1:OZHJBb/3uEa7OX8L2Dv2pLnSeewRmXMyTACoeto6O8I=
github.com/strongo/random v0.0.1/go.mod h1:/pSI+SjBNLBkjljNtVdYr6ERddA+LqSa87o0/s+9iuU=
github.com/strongo/validation v0.0.10 h1:DDydmPl6O8YmRmSEtz7VimX6k0Q3Vs1CsUEWqtZg9oc=
github.com/strongo/validation v0.0.10/go.mod h1:YUwoPEItLJd/Bc9X1OCUm03ofhvm3kwZvuihU7/jz58=
go.starlark.net v0.0.0-20260708150628-5395d018f003 h1:cAxcqHgW8fnmT0cEBU3TzvVYHIFt8IIGDMWUF6rImk4=
go.starlark.net v0.0.0-20260708150628-5395d018f003/go.mod h1:Iue6g6iirlfLoVi/DYCi5/x0h/bAOuWF3dULTKpt2Vo=
go.uber.org/mock v0.6.0 h1:hyF9dfmbgIX5EfOdasqLsWD6xqpNZlXblLB/Dbnwv3Y=
go.uber.org/mock v0.6.0/go.mod h1:KiVJ4BqZJaMj4svdfmHM0AUx4NJYO8ZNpPnZn1Z+BBU=
golang.org/x/sys v0.47.0 h1:o7XGOvZQCADBQQ4Y7VNq2dRWQR7JmOUW8Kxx4ZsNgWs=
golang.org/x/sys v0.47.0/go.mod h1:4GL1E5IUh+htKOUEOaiffhrAeqysfVGipDYzABqnCmw=
google.golang.org/protobuf v1.36.11 h1:fV6ZwhNocDyBLK0dj+fg8ektcVegBBuEolpbTQyBNVE=
google.golang.org/protobuf v1.36.11/go.mod h1:HTf+CrKn2C3g5S8VImy6tdcUvCska2kB7j23XfzDpco=
gopkg.in/check.v1 v0.0.0-20161208181325-20d25e280405/go.mod h1:Co6ibVJAznAaIkqp8huTwlJQCZ016jof/cbN4VW5Yz0=
gopkg.in/check.v1 v1.0.0-20201130134442-10cb98267c6c h1:Hei/4ADfdWqJk1ZMxUNpqntNwaWcugrBjAiHlqqRiVk=
gopkg.in/check.v1 v1.0.0-20201130134442-10cb98267c6c/go.mod h1:JHkPIbrfpd72SG/EVd6muEfDQjcINNoR0C8j2r3qZ4Q=
gopkg.in/yaml.v3 v3.0.1 h1:fxVm/GzAzEWqLHuvctI91KS9hhNmmWOoWu0XTYJS7CA=
gopkg.in/yaml.v3 v3.0.1/go.mod h1:K4uyk7z7BCEPqu6E+C64Yfv1cQ7kz7rIZviUmN+EgEM=
